
Microsoft Visual Studio Solution File, Format Version 12.00
# Visual Studio 15
Project("{FAE04EC0-301F-11D3-BF4B-00C04F79EFBC}") = "Latihan2", "Latihan2\Latihan2.csproj", "{66AE1B58-FE1A-4453-A0EE-81AED04B0540}"
EndProject
Global
	GlobalSection(SolutionConfigurationPlatforms) = preSolution
		Debug|Any CPU = Debug|Any CPU
		Release|Any CPU = Release|Any CPU
	EndGlobalSection
	GlobalSection(ProjectConfigurationPlatforms) = postSolution
		{66AE1B58-FE1A-4453-A0EE-81AED04B0540}.Debug|Any CPU.ActiveCfg = Debug|Any CPU
		{66AE1B58-FE1A-4453-A0EE-81AED04B0540}.Debug|Any CPU.Build.0 = Debug|Any CPU
		{66AE1B58-FE1A-4453-A0EE-81AED04B0540}.Release|Any CPU.ActiveCfg = Release|Any CPU
		{66AE1B58-FE1A-4453-A0EE-81AED04B0540}.Release|Any CPU.Build.0 = Release|Any CPU
	EndGlobalSection
EndGlobal
